
Microsoft Visual Studio Solution File, Format Version 12.00
# Visual Studio 15
VisualStudioVersion = 15.0.28307.757
MinimumVisualStudioVersion = 10.0.40219.1
Project("{9A19103F-16F7-4668-BE54-9A1E7A4F7556}") = "IdentityApp", "IdentityApp\IdentityApp.csproj", "{DD355CEB-647F-4B81-AAA0-D4380DE5A08E}"
EndProject
Global
	GlobalSection(SolutionConfigurationPlatforms) = preSolution
		Debug|Any CPU = Debug|Any CPU
		Release|Any CPU = Release|Any CPU
	EndGlobalSection
	GlobalSection(ProjectConfigurationPlatforms) = postSolution
		{DD355CEB-647F-4B81-AAA0-D4380DE5A08E}.Debug|Any CPU.ActiveCfg = Debug|Any CPU
		{DD355CEB-647F-4B81-AAA0-D4380DE5A08E}.Debug|Any CPU.Build.0 = Debug|Any CPU
		{DD355CEB-647F-4B81-AAA0-D4380DE5A08E}.Release|Any CPU.ActiveCfg = Release|Any CPU
		{DD355CEB-647F-4B81-AAA0-D4380DE5A08E}.Release|Any CPU.Build.0 = Release|Any CPU
	EndGlobalSection
	GlobalSection(SolutionProperties) = preSolution
		HideSolutionNode = FALSE
	EndGlobalSection
	GlobalSection(ExtensibilityGlobals) = postSolution
		SolutionGuid = {511F00B2-FF5E-41B9-AAAF-F37B6EC924BF}
	EndGlobalSection
EndGlobal
