
Microsoft Visual Studio Solution File, Format Version 12.00
# Visual Studio 15
VisualStudioVersion = 15.0.28307.757
MinimumVisualStudioVersion = 10.0.40219.1
Project("{9A19103F-16F7-4668-BE54-9A1E7A4F7556}") = "ClientBackApi", "ClientBackApi\ClientBackApi.csproj", "{2C558CD9-F01E-4076-8096-E09128F56FC7}"
EndProject
Global
	GlobalSection(SolutionConfigurationPlatforms) = preSolution
		Debug|Any CPU = Debug|Any CPU
		Release|Any CPU = Release|Any CPU
	EndGlobalSection
	GlobalSection(ProjectConfigurationPlatforms) = postSolution
		{2C558CD9-F01E-4076-8096-E09128F56FC7}.Debug|Any CPU.ActiveCfg = Debug|Any CPU
		{2C558CD9-F01E-4076-8096-E09128F56FC7}.Debug|Any CPU.Build.0 = Debug|Any CPU
		{2C558CD9-F01E-4076-8096-E09128F56FC7}.Release|Any CPU.ActiveCfg = Release|Any CPU
		{2C558CD9-F01E-4076-8096-E09128F56FC7}.Release|Any CPU.Build.0 = Release|Any CPU
	EndGlobalSection
	GlobalSection(SolutionProperties) = preSolution
		HideSolutionNode = FALSE
	EndGlobalSection
	GlobalSection(ExtensibilityGlobals) = postSolution
		SolutionGuid = {5F29BA06-BE17-4DB6-8671-49FD1C2A4F99}
	EndGlobalSection
EndGlobal
