
Microsoft Visual Studio Solution File, Format Version 12.00
# Visual Studio Version 16
VisualStudioVersion = 16.0.29123.88
MinimumVisualStudioVersion = 10.0.40219.1
Project("{9A19103F-16F7-4668-BE54-9A1E7A4F7556}") = "ClientBackApi", "ClientBackApi\ClientBackApi.csproj", "{2C558CD9-F01E-4076-8096-E09128F56FC7}"
EndProject
Project("{FAE04EC0-301F-11D3-BF4B-00C04F79EFBC}") = "ClientBackApi.Test", "ClientBackApi.Test\ClientBackApi.Test.csproj", "{60666E83-CFF0-42FD-A437-66545EE00D7F}"
EndProject
Global
	GlobalSection(SolutionConfigurationPlatforms) = preSolution
		Debug|Any CPU = Debug|Any CPU
		Release|Any CPU = Release|Any CPU
	EndGlobalSection
	GlobalSection(ProjectConfigurationPlatforms) = postSolution
		{2C558CD9-F01E-4076-8096-E09128F56FC7}.Debug|Any CPU.ActiveCfg = Debug|Any CPU
		{2C558CD9-F01E-4076-8096-E09128F56FC7}.Debug|Any CPU.Build.0 = Debug|Any CPU
		{2C558CD9-F01E-4076-8096-E09128F56FC7}.Release|Any CPU.ActiveCfg = Release|Any CPU
		{2C558CD9-F01E-4076-8096-E09128F56FC7}.Release|Any CPU.Build.0 = Release|Any CPU
		{60666E83-CFF0-42FD-A437-66545EE00D7F}.Debug|Any CPU.ActiveCfg = Debug|Any CPU
		{60666E83-CFF0-42FD-A437-66545EE00D7F}.Debug|Any CPU.Build.0 = Debug|Any CPU
		{60666E83-CFF0-42FD-A437-66545EE00D7F}.Release|Any CPU.ActiveCfg = Release|Any CPU
		{60666E83-CFF0-42FD-A437-66545EE00D7F}.Release|Any CPU.Build.0 = Release|Any CPU
	EndGlobalSection
	GlobalSection(SolutionProperties) = preSolution
		HideSolutionNode = FALSE
	EndGlobalSection
	GlobalSection(ExtensibilityGlobals) = postSolution
		SolutionGuid = {5F29BA06-BE17-4DB6-8671-49FD1C2A4F99}
	EndGlobalSection
EndGlobal
