
Microsoft Visual Studio Solution File, Format Version 12.00
# Visual Studio Version 16
VisualStudioVersion = 16.0.29201.188
MinimumVisualStudioVersion = 10.0.40219.1
Project("{FAE04EC0-301F-11D3-BF4B-00C04F79EFBC}") = "ClientConsoleApp", "ClientConsoleApp\ClientConsoleApp.csproj", "{7760EF62-47E5-4E68-A550-C5C338714217}"
EndProject
Project("{FAE04EC0-301F-11D3-BF4B-00C04F79EFBC}") = "ClientConsoleApp.Test", "ClientConsoleApp.Test\ClientConsoleApp.Test.csproj", "{6873D3F2-ADA1-4452-8828-17B9DB67FBC2}"
EndProject
Global
	GlobalSection(SolutionConfigurationPlatforms) = preSolution
		Debug|Any CPU = Debug|Any CPU
		Release|Any CPU = Release|Any CPU
	EndGlobalSection
	GlobalSection(ProjectConfigurationPlatforms) = postSolution
		{7760EF62-47E5-4E68-A550-C5C338714217}.Debug|Any CPU.ActiveCfg = Debug|Any CPU
		{7760EF62-47E5-4E68-A550-C5C338714217}.Debug|Any CPU.Build.0 = Debug|Any CPU
		{7760EF62-47E5-4E68-A550-C5C338714217}.Release|Any CPU.ActiveCfg = Release|Any CPU
		{7760EF62-47E5-4E68-A550-C5C338714217}.Release|Any CPU.Build.0 = Release|Any CPU
		{6873D3F2-ADA1-4452-8828-17B9DB67FBC2}.Debug|Any CPU.ActiveCfg = Debug|Any CPU
		{6873D3F2-ADA1-4452-8828-17B9DB67FBC2}.Debug|Any CPU.Build.0 = Debug|Any CPU
		{6873D3F2-ADA1-4452-8828-17B9DB67FBC2}.Release|Any CPU.ActiveCfg = Release|Any CPU
		{6873D3F2-ADA1-4452-8828-17B9DB67FBC2}.Release|Any CPU.Build.0 = Release|Any CPU
	EndGlobalSection
	GlobalSection(SolutionProperties) = preSolution
		HideSolutionNode = FALSE
	EndGlobalSection
	GlobalSection(ExtensibilityGlobals) = postSolution
		SolutionGuid = {7B0E52FB-70D0-4DB6-8899-9335DEB33DD5}
	EndGlobalSection
EndGlobal
